
Microsoft Visual Studio Solution File, Format Version 12.00
# Visual Studio Version 17
VisualStudioVersion = 17.13.35931.197 d17.13
MinimumVisualStudioVersion = 10.0.40219.1
Project("{FAE04EC0-301F-11D3-BF4B-00C04F79EFBC}") = "Cred_Home_About_Page_Appln", "Cred_Home_About_Page_Appln\Cred_Home_About_Page_Appln.csproj", "{4296560B-549A-42C9-9CBF-0EA2646205F9}"
EndProject
Global
	GlobalSection(SolutionConfigurationPlatforms) = preSolution
		Debug|Any CPU = Debug|Any CPU
		Release|Any CPU = Release|Any CPU
	EndGlobalSection
	GlobalSection(ProjectConfigurationPlatforms) = postSolution
		{4296560B-549A-42C9-9CBF-0EA2646205F9}.Debug|Any CPU.ActiveCfg = Debug|Any CPU
		{4296560B-549A-42C9-9CBF-0EA2646205F9}.Debug|Any CPU.Build.0 = Debug|Any CPU
		{4296560B-549A-42C9-9CBF-0EA2646205F9}.Release|Any CPU.ActiveCfg = Release|Any CPU
		{4296560B-549A-42C9-9CBF-0EA2646205F9}.Release|Any CPU.Build.0 = Release|Any CPU
	EndGlobalSection
	GlobalSection(SolutionProperties) = preSolution
		HideSolutionNode = FALSE
	EndGlobalSection
	GlobalSection(ExtensibilityGlobals) = postSolution
		SolutionGuid = {F0285F24-67D8-452E-9D4F-24FE96D4FF93}
	EndGlobalSection
EndGlobal
