
Microsoft Visual Studio Solution File, Format Version 12.00
# Visual Studio Version 17
VisualStudioVersion = 17.13.35931.197 d17.13
MinimumVisualStudioVersion = 10.0.40219.1
Project("{FAE04EC0-301F-11D3-BF4B-00C04F79EFBC}") = "CredAspProject", "CredAspProject.csproj", "{1B2A93CF-DD17-4E3F-9325-87D917150365}"
EndProject
Global
	GlobalSection(SolutionConfigurationPlatforms) = preSolution
		Debug|Any CPU = Debug|Any CPU
		Release|Any CPU = Release|Any CPU
	EndGlobalSection
	GlobalSection(ProjectConfigurationPlatforms) = postSolution
		{1B2A93CF-DD17-4E3F-9325-87D917150365}.Debug|Any CPU.ActiveCfg = Debug|Any CPU
		{1B2A93CF-DD17-4E3F-9325-87D917150365}.Debug|Any CPU.Build.0 = Debug|Any CPU
		{1B2A93CF-DD17-4E3F-9325-87D917150365}.Release|Any CPU.ActiveCfg = Release|Any CPU
		{1B2A93CF-DD17-4E3F-9325-87D917150365}.Release|Any CPU.Build.0 = Release|Any CPU
	EndGlobalSection
	GlobalSection(SolutionProperties) = preSolution
		HideSolutionNode = FALSE
	EndGlobalSection
	GlobalSection(ExtensibilityGlobals) = postSolution
		SolutionGuid = {39520F85-934D-4035-BB07-BE2AA62E84D0}
	EndGlobalSection
EndGlobal
